// !$*UTF8*$!
{
	archiveVersion = 1;
	classes = {
	};
	objectVersion = 51;
	objects = {

/* Begin PBXBuildFile section */
		246A2F1123A6E5C6006B9BFD /* GoalSharingClient.swift in Sources */ = {isa = PBXBuildFile; fileRef = 246A2F1023A6E5C6006B9BFD /* GoalSharingClient.swift */; };
		246A2F1323A6E8DA006B9BFD /* YourGoalTableViewController.swift in Sources */ = {isa = PBXBuildFile; fileRef = 246A2F1223A6E8DA006B9BFD /* YourGoalTableViewController.swift */; };
		246A2F1523A6E941006B9BFD /* SharedGoalTableViewController.swift in Sources */ = {isa = PBXBuildFile; fileRef = 246A2F1423A6E941006B9BFD /* SharedGoalTableViewController.swift */; };
		246A2F1723A6F16B006B9BFD /* TabBarController.swift in Sources */ = {isa = PBXBuildFile; fileRef = 246A2F1623A6F16B006B9BFD /* TabBarController.swift */; };
		246A2F2123A709D4006B9BFD /* UserData.swift in Sources */ = {isa = PBXBuildFile; fileRef = 246A2F2023A709D4006B9BFD /* UserData.swift */; };
		246A2F2323A70A51006B9BFD /* FacebookClient.swift in Sources */ = {isa = PBXBuildFile; fileRef = 246A2F2223A70A51006B9BFD /* FacebookClient.swift */; };
		246A2F2E23A893FE006B9BFD /* NavBarExtensionOnMainScreen.swift in Sources */ = {isa = PBXBuildFile; fileRef = 246A2F2D23A893FE006B9BFD /* NavBarExtensionOnMainScreen.swift */; };
		246A2F3023A8982C006B9BFD /* GoalInfoCell.swift in Sources */ = {isa = PBXBuildFile; fileRef = 246A2F2F23A8982C006B9BFD /* GoalInfoCell.swift */; };
		24BC92C9239C1D4000422319 /* AppDelegate.swift in Sources */ = {isa = PBXBuildFile; fileRef = 24BC92C8239C1D4000422319 /* AppDelegate.swift */; };
		24BC92D0239C1D4100422319 /* Assets.xcassets in Resources */ = {isa = PBXBuildFile; fileRef = 24BC92CF239C1D4100422319 /* Assets.xcassets */; };
		24BC92D3239C1D4100422319 /* LaunchScreen.storyboard in Resources */ = {isa = PBXBuildFile; fileRef = 24BC92D1239C1D4100422319 /* LaunchScreen.storyboard */; };
		24BC92DB239C4F6D00422319 /* OnboardingCollectionController.swift in Sources */ = {isa = PBXBuildFile; fileRef = 24BC92DA239C4F6D00422319 /* OnboardingCollectionController.swift */; };
		24BC92DD239C54F900422319 /* OnboardingCollectionViewCell.swift in Sources */ = {isa = PBXBuildFile; fileRef = 24BC92DC239C54F900422319 /* OnboardingCollectionViewCell.swift */; };
		24BC92DF239C5B2E00422319 /* OnboardingPageData.swift in Sources */ = {isa = PBXBuildFile; fileRef = 24BC92DE239C5B2E00422319 /* OnboardingPageData.swift */; };
		24BC92E1239C84E500422319 /* FacebookLoginViewController.swift in Sources */ = {isa = PBXBuildFile; fileRef = 24BC92E0239C84E500422319 /* FacebookLoginViewController.swift */; };
		FA915B1B6973EA136EFB5447 /* Pods_GoalExcuses.framework in Frameworks */ = {isa = PBXBuildFile; fileRef = A3CCA80C69860181AF9FB9C7 /* Pods_GoalExcuses.framework */; };
/* End PBXBuildFile section */

/* Begin PBXFileReference section */
		11EF9970E65122B7F0F0C031 /* Pods-GoalExcuses.release.xcconfig */ = {isa = PBXFileReference; includeInIndex = 1; lastKnownFileType = text.xcconfig; name = "Pods-GoalExcuses.release.xcconfig"; path = "Target Support Files/Pods-GoalExcuses/Pods-GoalExcuses.release.xcconfig"; sourceTree = "<group>"; };
		246A2F1023A6E5C6006B9BFD /* GoalSharingClient.swift */ = {isa = PBXFileReference; lastKnownFileType = sourcecode.swift; path = GoalSharingClient.swift; sourceTree = "<group>"; };
		246A2F1223A6E8DA006B9BFD /* YourGoalTableViewController.swift */ = {isa = PBXFileReference; lastKnownFileType = sourcecode.swift; path = YourGoalTableViewController.swift; sourceTree = "<group>"; };
		246A2F1423A6E941006B9BFD /* SharedGoalTableViewController.swift */ = {isa = PBXFileReference; lastKnownFileType = sourcecode.swift; path = SharedGoalTableViewController.swift; sourceTree = "<group>"; };
		246A2F1623A6F16B006B9BFD /* TabBarController.swift */ = {isa = PBXFileReference; lastKnownFileType = sourcecode.swift; path = TabBarController.swift; sourceTree = "<group>"; };
		246A2F2023A709D4006B9BFD /* UserData.swift */ = {isa = PBXFileReference; lastKnownFileType = sourcecode.swift; path = UserData.swift; sourceTree = "<group>"; };
		246A2F2223A70A51006B9BFD /* FacebookClient.swift */ = {isa = PBXFileReference; lastKnownFileType = sourcecode.swift; path = FacebookClient.swift; sourceTree = "<group>"; };
		246A2F2D23A893FE006B9BFD /* NavBarExtensionOnMainScreen.swift */ = {isa = PBXFileReference; lastKnownFileType = sourcecode.swift; path = NavBarExtensionOnMainScreen.swift; sourceTree = "<group>"; };
		246A2F2F23A8982C006B9BFD /* GoalInfoCell.swift */ = {isa = PBXFileReference; lastKnownFileType = sourcecode.swift; path = GoalInfoCell.swift; sourceTree = "<group>"; };
		24BC92C5239C1D4000422319 /* GoalExcuses.app */ = {isa = PBXFileReference; explicitFileType = wrapper.application; includeInIndex = 0; path = GoalExcuses.app; sourceTree = BUILT_PRODUCTS_DIR; };
		24BC92C8239C1D4000422319 /* AppDelegate.swift */ = {isa = PBXFileReference; lastKnownFileType = sourcecode.swift; path = AppDelegate.swift; sourceTree = "<group>"; };
		24BC92CF239C1D4100422319 /* Assets.xcassets */ = {isa = PBXFileReference; lastKnownFileType = folder.assetcatalog; path = Assets.xcassets; sourceTree = "<group>"; };
		24BC92D2239C1D4100422319 /* Base */ = {isa = PBXFileReference; lastKnownFileType = file.storyboard; name = Base; path = Base.lproj/LaunchScreen.storyboard; sourceTree = "<group>"; };
		24BC92D4239C1D4100422319 /* Info.plist */ = {isa = PBXFileReference; lastKnownFileType = text.plist.xml; path = Info.plist; sourceTree = "<group>"; };
		24BC92DA239C4F6D00422319 /* OnboardingCollectionController.swift */ = {isa = PBXFileReference; lastKnownFileType = sourcecode.swift; path = OnboardingCollectionController.swift; sourceTree = "<group>"; };
		24BC92DC239C54F900422319 /* OnboardingCollectionViewCell.swift */ = {isa = PBXFileReference; lastKnownFileType = sourcecode.swift; path = OnboardingCollectionViewCell.swift; sourceTree = "<group>"; };
		24BC92DE239C5B2E00422319 /* OnboardingPageData.swift */ = {isa = PBXFileReference; lastKnownFileType = sourcecode.swift; path = OnboardingPageData.swift; sourceTree = "<group>"; };
		24BC92E0239C84E500422319 /* FacebookLoginViewController.swift */ = {isa = PBXFileReference; lastKnownFileType = sourcecode.swift; path = FacebookLoginViewController.swift; sourceTree = "<group>"; };
		24BC92E5239C937800422319 /* GoalExcuses.entitlements */ = {isa = PBXFileReference; lastKnownFileType = text.plist.entitlements; path = GoalExcuses.entitlements; sourceTree = "<group>"; };
		566C5C8446BCD886FE49A407 /* Pods-GoalExcuses.debug.xcconfig */ = {isa = PBXFileReference; includeInIndex = 1; lastKnownFileType = text.xcconfig; name = "Pods-GoalExcuses.debug.xcconfig"; path = "Target Support Files/Pods-GoalExcuses/Pods-GoalExcuses.debug.xcconfig"; sourceTree = "<group>"; };
		A3CCA80C69860181AF9FB9C7 /* Pods_GoalExcuses.framework */ = {isa = PBXFileReference; explicitFileType = wrapper.framework; includeInIndex = 0; path = Pods_GoalExcuses.framework; sourceTree = BUILT_PRODUCTS_DIR; };
/* End PBXFileReference section */

/* Begin PBXFrameworksBuildPhase section */
		24BC92C2239C1D4000422319 /* Frameworks */ = {
			isa = PBXFrameworksBuildPhase;
			buildActionMask = 2147483647;
			files = (
				FA915B1B6973EA136EFB5447 /* Pods_GoalExcuses.framework in Frameworks */,
			);
			runOnlyForDeploymentPostprocessing = 0;
		};
/* End PBXFrameworksBuildPhase section */

/* Begin PBXGroup section */
		246A2F0F23A6E5B2006B9BFD /* Client */ = {
			isa = PBXGroup;
			children = (
				246A2F1023A6E5C6006B9BFD /* GoalSharingClient.swift */,
				246A2F2223A70A51006B9BFD /* FacebookClient.swift */,
			);
			path = Client;
			sourceTree = "<group>";
		};
		246A2F1F23A709C8006B9BFD /* Model */ = {
			isa = PBXGroup;
			children = (
				246A2F2023A709D4006B9BFD /* UserData.swift */,
			);
			path = Model;
			sourceTree = "<group>";
		};
		24BC92BC239C1D4000422319 = {
			isa = PBXGroup;
			children = (
				246A2F1F23A709C8006B9BFD /* Model */,
				246A2F0F23A6E5B2006B9BFD /* Client */,
				24BC92C7239C1D4000422319 /* GoalExcuses */,
				24BC92C6239C1D4000422319 /* Products */,
				52A681DBA49B2AF200EA468C /* Pods */,
				7F4243DDD96342D78DCFEDC2 /* Frameworks */,
			);
			sourceTree = "<group>";
		};
		24BC92C6239C1D4000422319 /* Products */ = {
			isa = PBXGroup;
			children = (
				24BC92C5239C1D4000422319 /* GoalExcuses.app */,
			);
			name = Products;
			sourceTree = "<group>";
		};
		24BC92C7239C1D4000422319 /* GoalExcuses */ = {
			isa = PBXGroup;
			children = (
				24BC92E5239C937800422319 /* GoalExcuses.entitlements */,
				24BC92C8239C1D4000422319 /* AppDelegate.swift */,
				24BC92CF239C1D4100422319 /* Assets.xcassets */,
				24BC92D1239C1D4100422319 /* LaunchScreen.storyboard */,
				24BC92D4239C1D4100422319 /* Info.plist */,
				24BC92DA239C4F6D00422319 /* OnboardingCollectionController.swift */,
				24BC92DC239C54F900422319 /* OnboardingCollectionViewCell.swift */,
				24BC92DE239C5B2E00422319 /* OnboardingPageData.swift */,
				24BC92E0239C84E500422319 /* FacebookLoginViewController.swift */,
				246A2F1223A6E8DA006B9BFD /* YourGoalTableViewController.swift */,
				246A2F1423A6E941006B9BFD /* SharedGoalTableViewController.swift */,
				246A2F1623A6F16B006B9BFD /* TabBarController.swift */,
				246A2F2D23A893FE006B9BFD /* NavBarExtensionOnMainScreen.swift */,
				246A2F2F23A8982C006B9BFD /* GoalInfoCell.swift */,
			);
			path = GoalExcuses;
			sourceTree = "<group>";
		};
		52A681DBA49B2AF200EA468C /* Pods */ = {
			isa = PBXGroup;
			children = (
				566C5C8446BCD886FE49A407 /* Pods-GoalExcuses.debug.xcconfig */,
				11EF9970E65122B7F0F0C031 /* Pods-GoalExcuses.release.xcconfig */,
			);
			path = Pods;
			sourceTree = "<group>";
		};
		7F4243DDD96342D78DCFEDC2 /* Frameworks */ = {
			isa = PBXGroup;
			children = (
				A3CCA80C69860181AF9FB9C7 /* Pods_GoalExcuses.framework */,
			);
			name = Frameworks;
			sourceTree = "<group>";
		};
/* End PBXGroup section */

/* Begin PBXNativeTarget section */
		24BC92C4239C1D4000422319 /* GoalExcuses */ = {
			isa = PBXNativeTarget;
			buildConfigurationList = 24BC92D7239C1D4100422319 /* Build configuration list for PBXNativeTarget "GoalExcuses" */;
			buildPhases = (
				DF2455FE88DE6983367F44C0 /* [CP] Check Pods Manifest.lock */,
				24BC92C1239C1D4000422319 /* Sources */,
				24BC92C2239C1D4000422319 /* Frameworks */,
				24BC92C3239C1D4000422319 /* Resources */,
				878E5C517DAF0066D0DF2537 /* [CP] Embed Pods Frameworks */,
			);
			buildRules = (
			);
			dependencies = (
			);
			name = GoalExcuses;
			productName = GoalExcuses;
			productReference = 24BC92C5239C1D4000422319 /* GoalExcuses.app */;
			productType = "com.apple.product-type.application";
		};
/* End PBXNativeTarget section */

/* Begin PBXProject section */
		24BC92BD239C1D4000422319 /* Project object */ = {
			isa = PBXProject;
			attributes = {
				LastSwiftUpdateCheck = 1030;
				LastUpgradeCheck = 1030;
				ORGANIZATIONNAME = "Sai Venkata Pranay Boggarapu";
				TargetAttributes = {
					24BC92C4239C1D4000422319 = {
						CreatedOnToolsVersion = 10.3;
						SystemCapabilities = {
							com.apple.Keychain = {
								enabled = 1;
							};
						};
					};
				};
			};
			buildConfigurationList = 24BC92C0239C1D4000422319 /* Build configuration list for PBXProject "GoalExcuses" */;
			compatibilityVersion = "Xcode 9.3";
			developmentRegion = en;
			hasScannedForEncodings = 0;
			knownRegions = (
				en,
				Base,
			);
			mainGroup = 24BC92BC239C1D4000422319;
			productRefGroup = 24BC92C6239C1D4000422319 /* Products */;
			projectDirPath = "";
			projectRoot = "";
			targets = (
				24BC92C4239C1D4000422319 /* GoalExcuses */,
			);
		};
/* End PBXProject section */

/* Begin PBXResourcesBuildPhase section */
		24BC92C3239C1D4000422319 /* Resources */ = {
			isa = PBXResourcesBuildPhase;
			buildActionMask = 2147483647;
			files = (
				24BC92D3239C1D4100422319 /* LaunchScreen.storyboard in Resources */,
				24BC92D0239C1D4100422319 /* Assets.xcassets in Resources */,
			);
			runOnlyForDeploymentPostprocessing = 0;
		};
/* End PBXResourcesBuildPhase section */

/* Begin PBXShellScriptBuildPhase section */
		878E5C517DAF0066D0DF2537 /* [CP] Embed Pods Frameworks */ = {
			isa = PBXShellScriptBuildPhase;
			buildActionMask = 2147483647;
			files = (
			);
			inputFileListPaths = (
				"${PODS_ROOT}/Target Support Files/Pods-GoalExcuses/Pods-GoalExcuses-frameworks-${CONFIGURATION}-input-files.xcfilelist",
			);
			name = "[CP] Embed Pods Frameworks";
			outputFileListPaths = (
				"${PODS_ROOT}/Target Support Files/Pods-GoalExcuses/Pods-GoalExcuses-frameworks-${CONFIGURATION}-output-files.xcfilelist",
			);
			runOnlyForDeploymentPostprocessing = 0;
			shellPath = /bin/sh;
			shellScript = "\"${PODS_ROOT}/Target Support Files/Pods-GoalExcuses/Pods-GoalExcuses-frameworks.sh\"\n";
			showEnvVarsInLog = 0;
		};
		DF2455FE88DE6983367F44C0 /* [CP] Check Pods Manifest.lock */ = {
			isa = PBXShellScriptBuildPhase;
			buildActionMask = 2147483647;
			files = (
			);
			inputFileListPaths = (
			);
			inputPaths = (
				"${PODS_PODFILE_DIR_PATH}/Podfile.lock",
				"${PODS_ROOT}/Manifest.lock",
			);
			name = "[CP] Check Pods Manifest.lock";
			outputFileListPaths = (
			);
			outputPaths = (
				"$(DERIVED_FILE_DIR)/Pods-GoalExcuses-checkManifestLockResult.txt",
			);
			runOnlyForDeploymentPostprocessing = 0;
			shellPath = /bin/sh;
			shellScript = "diff \"${PODS_PODFILE_DIR_PATH}/Podfile.lock\" \"${PODS_ROOT}/Manifest.lock\" > /dev/null\nif [ $? != 0 ] ; then\n    # print error to STDERR\n    echo \"error: The sandbox is not in sync with the Podfile.lock. Run 'pod install' or update your CocoaPods installation.\" >&2\n    exit 1\nfi\n# This output is used by Xcode 'outputs' to avoid re-running this script phase.\necho \"SUCCESS\" > \"${SCRIPT_OUTPUT_FILE_0}\"\n";
			showEnvVarsInLog = 0;
		};
/* End PBXShellScriptBuildPhase section */

/* Begin PBXSourcesBuildPhase section */
		24BC92C1239C1D4000422319 /* Sources */ = {
			isa = PBXSourcesBuildPhase;
			buildActionMask = 2147483647;
			files = (
				24BC92DB239C4F6D00422319 /* OnboardingCollectionController.swift in Sources */,
				24BC92C9239C1D4000422319 /* AppDelegate.swift in Sources */,
				246A2F1323A6E8DA006B9BFD /* YourGoalTableViewController.swift in Sources */,
				246A2F2E23A893FE006B9BFD /* NavBarExtensionOnMainScreen.swift in Sources */,
				246A2F1723A6F16B006B9BFD /* TabBarController.swift in Sources */,
				24BC92E1239C84E500422319 /* FacebookLoginViewController.swift in Sources */,
				246A2F3023A8982C006B9BFD /* GoalInfoCell.swift in Sources */,
				24BC92DD239C54F900422319 /* OnboardingCollectionViewCell.swift in Sources */,
				246A2F1123A6E5C6006B9BFD /* GoalSharingClient.swift in Sources */,
				24BC92DF239C5B2E00422319 /* OnboardingPageData.swift in Sources */,
				246A2F2123A709D4006B9BFD /* UserData.swift in Sources */,
				246A2F2323A70A51006B9BFD /* FacebookClient.swift in Sources */,
				246A2F1523A6E941006B9BFD /* SharedGoalTableViewController.swift in Sources */,
			);
			runOnlyForDeploymentPostprocessing = 0;
		};
/* End PBXSourcesBuildPhase section */

/* Begin PBXVariantGroup section */
		24BC92D1239C1D4100422319 /* LaunchScreen.storyboard */ = {
			isa = PBXVariantGroup;
			children = (
				24BC92D2239C1D4100422319 /* Base */,
			);
			name = LaunchScreen.storyboard;
			sourceTree = "<group>";
		};
/* End PBXVariantGroup section */

/* Begin XCBuildConfiguration section */
		24BC92D5239C1D4100422319 /* Debug */ = {
			isa = XCBuildConfiguration;
			buildSettings = {
				ALWAYS_SEARCH_USER_PATHS = NO;
				CLANG_ANALYZER_NONNULL = YES;
				CLANG_ANALYZER_NUMBER_OBJECT_CONVERSION = YES_AGGRESSIVE;
				CLANG_CXX_LANGUAGE_STANDARD = "gnu++14";
				CLANG_CXX_LIBRARY = "libc++";
				CLANG_ENABLE_MODULES = YES;
				CLANG_ENABLE_OBJC_ARC = YES;
				CLANG_ENABLE_OBJC_WEAK = YES;
				CLANG_WARN_BLOCK_CAPTURE_AUTORELEASING = YES;
				CLANG_WARN_BOOL_CONVERSION = YES;
				CLANG_WARN_COMMA = YES;
				CLANG_WARN_CONSTANT_CONVERSION = YES;
				CLANG_WARN_DEPRECATED_OBJC_IMPLEMENTATIONS = YES;
				CLANG_WARN_DIRECT_OBJC_ISA_USAGE = YES_ERROR;
				CLANG_WARN_DOCUMENTATION_COMMENTS = YES;
				CLANG_WARN_EMPTY_BODY = YES;
				CLANG_WARN_ENUM_CONVERSION = YES;
				CLANG_WARN_INFINITE_RECURSION = YES;
				CLANG_WARN_INT_CONVERSION = YES;
				CLANG_WARN_NON_LITERAL_NULL_CONVERSION = YES;
				CLANG_WARN_OBJC_IMPLICIT_RETAIN_SELF = YES;
				CLANG_WARN_OBJC_LITERAL_CONVERSION = YES;
				CLANG_WARN_OBJC_ROOT_CLASS = YES_ERROR;
				CLANG_WARN_RANGE_LOOP_ANALYSIS = YES;
				CLANG_WARN_STRICT_PROTOTYPES = YES;
				CLANG_WARN_SUSPICIOUS_MOVE = YES;
				CLANG_WARN_UNGUARDED_AVAILABILITY = YES_AGGRESSIVE;
				CLANG_WARN_UNREACHABLE_CODE = YES;
				CLANG_WARN__DUPLICATE_METHOD_MATCH = YES;
				CODE_SIGN_IDENTITY = "iPhone Developer";
				COPY_PHASE_STRIP = NO;
				DEBUG_INFORMATION_FORMAT = dwarf;
				ENABLE_STRICT_OBJC_MSGSEND = YES;
				ENABLE_TESTABILITY = YES;
				GCC_C_LANGUAGE_STANDARD = gnu11;
				GCC_DYNAMIC_NO_PIC = NO;
				GCC_NO_COMMON_BLOCKS = YES;
				GCC_OPTIMIZATION_LEVEL = 0;
				GCC_PREPROCESSOR_DEFINITIONS = (
					"DEBUG=1",
					"$(inherited)",
				);
				GCC_WARN_64_TO_32_BIT_CONVERSION = YES;
				GCC_WARN_ABOUT_RETURN_TYPE = YES_ERROR;
				GCC_WARN_UNDECLARED_SELECTOR = YES;
				GCC_WARN_UNINITIALIZED_AUTOS = YES_AGGRESSIVE;
				GCC_WARN_UNUSED_FUNCTION = YES;
				GCC_WARN_UNUSED_VARIABLE = YES;
				IPHONEOS_DEPLOYMENT_TARGET = 12.4;
				MTL_ENABLE_DEBUG_INFO = INCLUDE_SOURCE;
				MTL_FAST_MATH = YES;
				ONLY_ACTIVE_ARCH = YES;
				SDKROOT = iphoneos;
				SWIFT_ACTIVE_COMPILATION_CONDITIONS = DEBUG;
				SWIFT_OPTIMIZATION_LEVEL = "-Onone";
			};
			name = Debug;
		};
		24BC92D6239C1D4100422319 /* Release */ = {
			isa = XCBuildConfiguration;
			buildSettings = {
				ALWAYS_SEARCH_USER_PATHS = NO;
				CLANG_ANALYZER_NONNULL = YES;
				CLANG_ANALYZER_NUMBER_OBJECT_CONVERSION = YES_AGGRESSIVE;
				CLANG_CXX_LANGUAGE_STANDARD = "gnu++14";
				CLANG_CXX_LIBRARY = "libc++";
				CLANG_ENABLE_MODULES = YES;
				CLANG_ENABLE_OBJC_ARC = YES;
				CLANG_ENABLE_OBJC_WEAK = YES;
				CLANG_WARN_BLOCK_CAPTURE_AUTORELEASING = YES;
				CLANG_WARN_BOOL_CONVERSION = YES;
				CLANG_WARN_COMMA = YES;
				CLANG_WARN_CONSTANT_CONVERSION = YES;
				CLANG_WARN_DEPRECATED_OBJC_IMPLEMENTATIONS = YES;
				CLANG_WARN_DIRECT_OBJC_ISA_USAGE = YES_ERROR;
				CLANG_WARN_DOCUMENTATION_COMMENTS = YES;
				CLANG_WARN_EMPTY_BODY = YES;
				CLANG_WARN_ENUM_CONVERSION = YES;
				CLANG_WARN_INFINITE_RECURSION = YES;
				CLANG_WARN_INT_CONVERSION = YES;
				CLANG_WARN_NON_LITERAL_NULL_CONVERSION = YES;
				CLANG_WARN_OBJC_IMPLICIT_RETAIN_SELF = YES;
				CLANG_WARN_OBJC_LITERAL_CONVERSION = YES;
				CLANG_WARN_OBJC_ROOT_CLASS = YES_ERROR;
				CLANG_WARN_RANGE_LOOP_ANALYSIS = YES;
				CLANG_WARN_STRICT_PROTOTYPES = YES;
				CLANG_WARN_SUSPICIOUS_MOVE = YES;
				CLANG_WARN_UNGUARDED_AVAILABILITY = YES_AGGRESSIVE;
				CLANG_WARN_UNREACHABLE_CODE = YES;
				CLANG_WARN__DUPLICATE_METHOD_MATCH = YES;
				CODE_SIGN_IDENTITY = "iPhone Developer";
				COPY_PHASE_STRIP = NO;
				DEBUG_INFORMATION_FORMAT = "dwarf-with-dsym";
				ENABLE_NS_ASSERTIONS = NO;
				ENABLE_STRICT_OBJC_MSGSEND = YES;
				GCC_C_LANGUAGE_STANDARD = gnu11;
				GCC_NO_COMMON_BLOCKS = YES;
				GCC_WARN_64_TO_32_BIT_CONVERSION = YES;
				GCC_WARN_ABOUT_RETURN_TYPE = YES_ERROR;
				GCC_WARN_UNDECLARED_SELECTOR = YES;
				GCC_WARN_UNINITIALIZED_AUTOS = YES_AGGRESSIVE;
				GCC_WARN_UNUSED_FUNCTION = YES;
				GCC_WARN_UNUSED_VARIABLE = YES;
				IPHONEOS_DEPLOYMENT_TARGET = 12.4;
				MTL_ENABLE_DEBUG_INFO = NO;
				MTL_FAST_MATH = YES;
				SDKROOT = iphoneos;
				SWIFT_COMPILATION_MODE = wholemodule;
				SWIFT_OPTIMIZATION_LEVEL = "-O";
				VALIDATE_PRODUCT = YES;
			};
			name = Release;
		};
		24BC92D8239C1D4100422319 /* Debug */ = {
			isa = XCBuildConfiguration;
			baseConfigurationReference = 566C5C8446BCD886FE49A407 /* Pods-GoalExcuses.debug.xcconfig */;
			buildSettings = {
				ASSETCATALOG_COMPILER_APPICON_NAME = AppIcon;
				CODE_SIGN_ENTITLEMENTS = GoalExcuses/GoalExcuses.entitlements;
				CODE_SIGN_STYLE = Automatic;
				DEVELOPMENT_TEAM = R34QXQ839Z;
				INFOPLIST_FILE = GoalExcuses/Info.plist;
				LD_RUNPATH_SEARCH_PATHS = (
					"$(inherited)",
					"@executable_path/Frameworks",
				);
				PRODUCT_BUNDLE_IDENTIFIER = com.pranayboggarapu.personalGoalExcuses;
				PRODUCT_NAME = "$(TARGET_NAME)";
				SWIFT_VERSION = 5.0;
				TARGETED_DEVICE_FAMILY = "1,2";
			};
			name = Debug;
		};
		24BC92D9239C1D4100422319 /* Release */ = {
			isa = XCBuildConfiguration;
			baseConfigurationReference = 11EF9970E65122B7F0F0C031 /* Pods-GoalExcuses.release.xcconfig */;
			buildSettings = {
				ASSETCATALOG_COMPILER_APPICON_NAME = AppIcon;
				CODE_SIGN_ENTITLEMENTS = GoalExcuses/GoalExcuses.entitlements;
				CODE_SIGN_STYLE = Automatic;
				DEVELOPMENT_TEAM = R34QXQ839Z;
				INFOPLIST_FILE = GoalExcuses/Info.plist;
				LD_RUNPATH_SEARCH_PATHS = (
					"$(inherited)",
					"@executable_path/Frameworks",
				);
				PRODUCT_BUNDLE_IDENTIFIER = com.pranayboggarapu.personalGoalExcuses;
				PRODUCT_NAME = "$(TARGET_NAME)";
				SWIFT_VERSION = 5.0;
				TARGETED_DEVICE_FAMILY = "1,2";
			};
			name = Release;
		};
/* End XCBuildConfiguration section */

/* Begin XCConfigurationList section */
		24BC92C0239C1D4000422319 /* Build configuration list for PBXProject "GoalExcuses" */ = {
			isa = XCConfigurationList;
			buildConfigurations = (
				24BC92D5239C1D4100422319 /* Debug */,
				24BC92D6239C1D4100422319 /* Release */,
			);
			defaultConfigurationIsVisible = 0;
			defaultConfigurationName = Release;
		};
		24BC92D7239C1D4100422319 /* Build configuration list for PBXNativeTarget "GoalExcuses" */ = {
			isa = XCConfigurationList;
			buildConfigurations = (
				24BC92D8239C1D4100422319 /* Debug */,
				24BC92D9239C1D4100422319 /* Release */,
			);
			defaultConfigurationIsVisible = 0;
			defaultConfigurationName = Release;
		};
/* End XCConfigurationList section */
	};
	rootObject = 24BC92BD239C1D4000422319 /* Project object */;
}
